
Microsoft Visual Studio Solution File, Format Version 12.00
# Visual Studio Version 17
VisualStudioVersion = 17.7.34031.279
MinimumVisualStudioVersion = 10.0.40219.1
Project("{FAE04EC0-301F-11D3-BF4B-00C04F79EFBC}") = "ConsoleApp1", "ConsoleApp1\ConsoleApp1.csproj", "{2296B704-A910-4CEF-A374-B9F3CF341BEC}"
EndProject
Global
	GlobalSection(SolutionConfigurationPlatforms) = preSolution
		Debug|Any CPU = Debug|Any CPU
		Release|Any CPU = Release|Any CPU
	EndGlobalSection
	GlobalSection(ProjectConfigurationPlatforms) = postSolution
		{2296B704-A910-4CEF-A374-B9F3CF341BEC}.Debug|Any CPU.ActiveCfg = Debug|Any CPU
		{2296B704-A910-4CEF-A374-B9F3CF341BEC}.Debug|Any CPU.Build.0 = Debug|Any CPU
		{2296B704-A910-4CEF-A374-B9F3CF341BEC}.Release|Any CPU.ActiveCfg = Release|Any CPU
		{2296B704-A910-4CEF-A374-B9F3CF341BEC}.Release|Any CPU.Build.0 = Release|Any CPU
	EndGlobalSection
	GlobalSection(SolutionProperties) = preSolution
		HideSolutionNode = FALSE
	EndGlobalSection
	GlobalSection(ExtensibilityGlobals) = postSolution
		SolutionGuid = {A05797CB-1848-44E4-856F-E89676343637}
	EndGlobalSection
EndGlobal
