
Microsoft Visual Studio Solution File, Format Version 12.00
# Visual Studio Version 17
VisualStudioVersion = 17.7.34031.279
MinimumVisualStudioVersion = 10.0.40219.1
Project("{FAE04EC0-301F-11D3-BF4B-00C04F79EFBC}") = "ConsoleApp1", "ConsoleApp1\ConsoleApp1.csproj", "{131C5FFA-1909-4BA1-B099-ADCE5DA9D262}"
EndProject
Global
	GlobalSection(SolutionConfigurationPlatforms) = preSolution
		Debug|Any CPU = Debug|Any CPU
		Release|Any CPU = Release|Any CPU
	EndGlobalSection
	GlobalSection(ProjectConfigurationPlatforms) = postSolution
		{131C5FFA-1909-4BA1-B099-ADCE5DA9D262}.Debug|Any CPU.ActiveCfg = Debug|Any CPU
		{131C5FFA-1909-4BA1-B099-ADCE5DA9D262}.Debug|Any CPU.Build.0 = Debug|Any CPU
		{131C5FFA-1909-4BA1-B099-ADCE5DA9D262}.Release|Any CPU.ActiveCfg = Release|Any CPU
		{131C5FFA-1909-4BA1-B099-ADCE5DA9D262}.Release|Any CPU.Build.0 = Release|Any CPU
	EndGlobalSection
	GlobalSection(SolutionProperties) = preSolution
		HideSolutionNode = FALSE
	EndGlobalSection
	GlobalSection(ExtensibilityGlobals) = postSolution
		SolutionGuid = {0BBDD32B-A155-481F-811D-9D01DD65AD06}
	EndGlobalSection
EndGlobal
